// !$*UTF8*$!
{
	archiveVersion = 1;
	classes = {
	};
	objectVersion = 55;
	objects = {

/* Begin PBXBuildFile section */
		124F488E26CBB33E003770BC /* SmartTrackerApp.swift in Sources */ = {isa = PBXBuildFile; fileRef = 124F488D26CBB33E003770BC /* SmartTrackerApp.swift */; };
		124F489026CBB33E003770BC /* ContentView.swift in Sources */ = {isa = PBXBuildFile; fileRef = 124F488F26CBB33E003770BC /* ContentView.swift */; };
		124F489226CBB33F003770BC /* Assets.xcassets in Resources */ = {isa = PBXBuildFile; fileRef = 124F489126CBB33F003770BC /* Assets.xcassets */; };
		124F489526CBB33F003770BC /* Preview Assets.xcassets in Resources */ = {isa = PBXBuildFile; fileRef = 124F489426CBB33F003770BC /* Preview Assets.xcassets */; };
		124F489726CBB33F003770BC /* Persistence.swift in Sources */ = {isa = PBXBuildFile; fileRef = 124F489626CBB33F003770BC /* Persistence.swift */; };
		124F489A26CBB33F003770BC /* SmartTracker.xcdatamodeld in Sources */ = {isa = PBXBuildFile; fileRef = 124F489826CBB33F003770BC /* SmartTracker.xcdatamodeld */; };
		124F48A426CBB33F003770BC /* SmartTrackerTests.swift in Sources */ = {isa = PBXBuildFile; fileRef = 124F48A326CBB33F003770BC /* SmartTrackerTests.swift */; };
		124F48AE26CBB33F003770BC /* SmartTrackerUITests.swift in Sources */ = {isa = PBXBuildFile; fileRef = 124F48AD26CBB33F003770BC /* SmartTrackerUITests.swift */; };
/* End PBXBuildFile section */

/* Begin PBXContainerItemProxy section */
		124F48A026CBB33F003770BC /* PBXContainerItemProxy */ = {
			isa = PBXContainerItemProxy;
			containerPortal = 124F488226CBB33E003770BC /* Project object */;
			proxyType = 1;
			remoteGlobalIDString = 124F488926CBB33E003770BC;
			remoteInfo = SmartTracker;
		};
		124F48AA26CBB33F003770BC /* PBXContainerItemProxy */ = {
			isa = PBXContainerItemProxy;
			containerPortal = 124F488226CBB33E003770BC /* Project object */;
			proxyType = 1;
			remoteGlobalIDString = 124F488926CBB33E003770BC;
			remoteInfo = SmartTracker;
		};
/* End PBXContainerItemProxy section */

/* Begin PBXFileReference section */
		124F488A26CBB33E003770BC /* SmartTracker.app */ = {isa = PBXFileReference; explicitFileType = wrapper.application; includeInIndex = 0; path = SmartTracker.app; sourceTree = BUILT_PRODUCTS_DIR; };
		124F488D26CBB33E003770BC /* SmartTrackerApp.swift */ = {isa = PBXFileReference; lastKnownFileType = sourcecode.swift; path = SmartTrackerApp.swift; sourceTree = "<group>"; };
		124F488F26CBB33E003770BC /* ContentView.swift */ = {isa = PBXFileReference; lastKnownFileType = sourcecode.swift; path = ContentView.swift; sourceTree = "<group>"; };
		124F489126CBB33F003770BC /* Assets.xcassets */ = {isa = PBXFileReference; lastKnownFileType = folder.assetcatalog; path = Assets.xcassets; sourceTree = "<group>"; };
		124F489426CBB33F003770BC /* Preview Assets.xcassets */ = {isa = PBXFileReference; lastKnownFileType = folder.assetcatalog; path = "Preview Assets.xcassets"; sourceTree = "<group>"; };
		124F489626CBB33F003770BC /* Persistence.swift */ = {isa = PBXFileReference; lastKnownFileType = sourcecode.swift; path = Persistence.swift; sourceTree = "<group>"; };
		124F489926CBB33F003770BC /* SmartTracker.xcdatamodel */ = {isa = PBXFileReference; lastKnownFileType = wrapper.xcdatamodel; path = SmartTracker.xcdatamodel; sourceTree = "<group>"; };
		124F489F26CBB33F003770BC /* SmartTrackerTests.xctest */ = {isa = PBXFileReference; explicitFileType = wrapper.cfbundle; includeInIndex = 0; path = SmartTrackerTests.xctest; sourceTree = BUILT_PRODUCTS_DIR; };
		124F48A326CBB33F003770BC /* SmartTrackerTests.swift */ = {isa = PBXFileReference; lastKnownFileType = sourcecode.swift; path = SmartTrackerTests.swift; sourceTree = "<group>"; };
		124F48A926CBB33F003770BC /* SmartTrackerUITests.xctest */ = {isa = PBXFileReference; explicitFileType = wrapper.cfbundle; includeInIndex = 0; path = SmartTrackerUITests.xctest; sourceTree = BUILT_PRODUCTS_DIR; };
		124F48AD26CBB33F003770BC /* SmartTrackerUITests.swift */ = {isa = PBXFileReference; lastKnownFileType = sourcecode.swift; path = SmartTrackerUITests.swift; sourceTree = "<group>"; };
/* End PBXFileReference section */

/* Begin PBXFrameworksBuildPhase section */
		124F488726CBB33E003770BC /* Frameworks */ = {
			isa = PBXFrameworksBuildPhase;
			buildActionMask = 2147483647;
			files = (
			);
			runOnlyForDeploymentPostprocessing = 0;
		};
		124F489C26CBB33F003770BC /* Frameworks */ = {
			isa = PBXFrameworksBuildPhase;
			buildActionMask = 2147483647;
			files = (
			);
			runOnlyForDeploymentPostprocessing = 0;
		};
		124F48A626CBB33F003770BC /* Frameworks */ = {
			isa = PBXFrameworksBuildPhase;
			buildActionMask = 2147483647;
			files = (
			);
			runOnlyForDeploymentPostprocessing = 0;
		};
/* End PBXFrameworksBuildPhase section */

/* Begin PBXGroup section */
		124F488126CBB33E003770BC = {
			isa = PBXGroup;
			children = (
				124F488C26CBB33E003770BC /* SmartTracker */,
				124F48A226CBB33F003770BC /* SmartTrackerTests */,
				124F48AC26CBB33F003770BC /* SmartTrackerUITests */,
				124F488B26CBB33E003770BC /* Products */,
			);
			sourceTree = "<group>";
		};
		124F488B26CBB33E003770BC /* Products */ = {
			isa = PBXGroup;
			children = (
				124F488A26CBB33E003770BC /* SmartTracker.app */,
				124F489F26CBB33F003770BC /* SmartTrackerTests.xctest */,
				124F48A926CBB33F003770BC /* SmartTrackerUITests.xctest */,
			);
			name = Products;
			sourceTree = "<group>";
		};
		124F488C26CBB33E003770BC /* SmartTracker */ = {
			isa = PBXGroup;
			children = (
				124F488D26CBB33E003770BC /* SmartTrackerApp.swift */,
				124F488F26CBB33E003770BC /* ContentView.swift */,
				124F489126CBB33F003770BC /* Assets.xcassets */,
				124F489626CBB33F003770BC /* Persistence.swift */,
				124F489826CBB33F003770BC /* SmartTracker.xcdatamodeld */,
				124F489326CBB33F003770BC /* Preview Content */,
			);
			path = SmartTracker;
			sourceTree = "<group>";
		};
		124F489326CBB33F003770BC /* Preview Content */ = {
			isa = PBXGroup;
			children = (
				124F489426CBB33F003770BC /* Preview Assets.xcassets */,
			);
			path = "Preview Content";
			sourceTree = "<group>";
		};
		124F48A226CBB33F003770BC /* SmartTrackerTests */ = {
			isa = PBXGroup;
			children = (
				124F48A326CBB33F003770BC /* SmartTrackerTests.swift */,
			);
			path = SmartTrackerTests;
			sourceTree = "<group>";
		};
		124F48AC26CBB33F003770BC /* SmartTrackerUITests */ = {
			isa = PBXGroup;
			children = (
				124F48AD26CBB33F003770BC /* SmartTrackerUITests.swift */,
			);
			path = SmartTrackerUITests;
			sourceTree = "<group>";
		};
/* End PBXGroup section */

/* Begin PBXNativeTarget section */
		124F488926CBB33E003770BC /* SmartTracker */ = {
			isa = PBXNativeTarget;
			buildConfigurationList = 124F48B126CBB33F003770BC /* Build configuration list for PBXNativeTarget "SmartTracker" */;
			buildPhases = (
				124F488626CBB33E003770BC /* Sources */,
				124F488726CBB33E003770BC /* Frameworks */,
				124F488826CBB33E003770BC /* Resources */,
			);
			buildRules = (
			);
			dependencies = (
			);
			name = SmartTracker;
			productName = SmartTracker;
			productReference = 124F488A26CBB33E003770BC /* SmartTracker.app */;
			productType = "com.apple.product-type.application";
		};
		124F489E26CBB33F003770BC /* SmartTrackerTests */ = {
			isa = PBXNativeTarget;
			buildConfigurationList = 124F48B426CBB33F003770BC /* Build configuration list for PBXNativeTarget "SmartTrackerTests" */;
			buildPhases = (
				124F489B26CBB33F003770BC /* Sources */,
				124F489C26CBB33F003770BC /* Frameworks */,
				124F489D26CBB33F003770BC /* Resources */,
			);
			buildRules = (
			);
			dependencies = (
				124F48A126CBB33F003770BC /* PBXTargetDependency */,
			);
			name = SmartTrackerTests;
			productName = SmartTrackerTests;
			productReference = 124F489F26CBB33F003770BC /* SmartTrackerTests.xctest */;
			productType = "com.apple.product-type.bundle.unit-test";
		};
		124F48A826CBB33F003770BC /* SmartTrackerUITests */ = {
			isa = PBXNativeTarget;
			buildConfigurationList = 124F48B726CBB33F003770BC /* Build configuration list for PBXNativeTarget "SmartTrackerUITests" */;
			buildPhases = (
				124F48A526CBB33F003770BC /* Sources */,
				124F48A626CBB33F003770BC /* Frameworks */,
				124F48A726CBB33F003770BC /* Resources */,
			);
			buildRules = (
			);
			dependencies = (
				124F48AB26CBB33F003770BC /* PBXTargetDependency */,
			);
			name = SmartTrackerUITests;
			productName = SmartTrackerUITests;
			productReference = 124F48A926CBB33F003770BC /* SmartTrackerUITests.xctest */;
			productType = "com.apple.product-type.bundle.ui-testing";
		};
/* End PBXNativeTarget section */

/* Begin PBXProject section */
		124F488226CBB33E003770BC /* Project object */ = {
			isa = PBXProject;
			attributes = {
				BuildIndependentTargetsInParallel = 1;
				LastSwiftUpdateCheck = 1300;
				LastUpgradeCheck = 1300;
				TargetAttributes = {
					124F488926CBB33E003770BC = {
						CreatedOnToolsVersion = 13.0;
					};
					124F489E26CBB33F003770BC = {
						CreatedOnToolsVersion = 13.0;
						TestTargetID = 124F488926CBB33E003770BC;
					};
					124F48A826CBB33F003770BC = {
						CreatedOnToolsVersion = 13.0;
						TestTargetID = 124F488926CBB33E003770BC;
					};
				};
			};
			buildConfigurationList = 124F488526CBB33E003770BC /* Build configuration list for PBXProject "SmartTracker" */;
			compatibilityVersion = "Xcode 13.0";
			developmentRegion = en;
			hasScannedForEncodings = 0;
			knownRegions = (
				en,
				Base,
			);
			mainGroup = 124F488126CBB33E003770BC;
			productRefGroup = 124F488B26CBB33E003770BC /* Products */;
			projectDirPath = "";
			projectRoot = "";
			targets = (
				124F488926CBB33E003770BC /* SmartTracker */,
				124F489E26CBB33F003770BC /* SmartTrackerTests */,
				124F48A826CBB33F003770BC /* SmartTrackerUITests */,
			);
		};
/* End PBXProject section */

/* Begin PBXResourcesBuildPhase section */
		124F488826CBB33E003770BC /* Resources */ = {
			isa = PBXResourcesBuildPhase;
			buildActionMask = 2147483647;
			files = (
				124F489526CBB33F003770BC /* Preview Assets.xcassets in Resources */,
				124F489226CBB33F003770BC /* Assets.xcassets in Resources */,
			);
			runOnlyForDeploymentPostprocessing = 0;
		};
		124F489D26CBB33F003770BC /* Resources */ = {
			isa = PBXResourcesBuildPhase;
			buildActionMask = 2147483647;
			files = (
			);
			runOnlyForDeploymentPostprocessing = 0;
		};
		124F48A726CBB33F003770BC /* Resources */ = {
			isa = PBXResourcesBuildPhase;
			buildActionMask = 2147483647;
			files = (
			);
			runOnlyForDeploymentPostprocessing = 0;
		};
/* End PBXResourcesBuildPhase section */

/* Begin PBXSourcesBuildPhase section */
		124F488626CBB33E003770BC /* Sources */ = {
			isa = PBXSourcesBuildPhase;
			buildActionMask = 2147483647;
			files = (
				124F489A26CBB33F003770BC /* SmartTracker.xcdatamodeld in Sources */,
				124F489726CBB33F003770BC /* Persistence.swift in Sources */,
				124F489026CBB33E003770BC /* ContentView.swift in Sources */,
				124F488E26CBB33E003770BC /* SmartTrackerApp.swift in Sources */,
			);
			runOnlyForDeploymentPostprocessing = 0;
		};
		124F489B26CBB33F003770BC /* Sources */ = {
			isa = PBXSourcesBuildPhase;
			buildActionMask = 2147483647;
			files = (
				124F48A426CBB33F003770BC /* SmartTrackerTests.swift in Sources */,
			);
			runOnlyForDeploymentPostprocessing = 0;
		};
		124F48A526CBB33F003770BC /* Sources */ = {
			isa = PBXSourcesBuildPhase;
			buildActionMask = 2147483647;
			files = (
				124F48AE26CBB33F003770BC /* SmartTrackerUITests.swift in Sources */,
			);
			runOnlyForDeploymentPostprocessing = 0;
		};
/* End PBXSourcesBuildPhase section */

/* Begin PBXTargetDependency section */
		124F48A126CBB33F003770BC /* PBXTargetDependency */ = {
			isa = PBXTargetDependency;
			target = 124F488926CBB33E003770BC /* SmartTracker */;
			targetProxy = 124F48A026CBB33F003770BC /* PBXContainerItemProxy */;
		};
		124F48AB26CBB33F003770BC /* PBXTargetDependency */ = {
			isa = PBXTargetDependency;
			target = 124F488926CBB33E003770BC /* SmartTracker */;
			targetProxy = 124F48AA26CBB33F003770BC /* PBXContainerItemProxy */;
		};
/* End PBXTargetDependency section */

/* Begin XCBuildConfiguration section */
		124F48AF26CBB33F003770BC /* Debug */ = {
			isa = XCBuildConfiguration;
			buildSettings = {
				ALWAYS_SEARCH_USER_PATHS = NO;
				CLANG_ANALYZER_NONNULL = YES;
				CLANG_ANALYZER_NUMBER_OBJECT_CONVERSION = YES_AGGRESSIVE;
				CLANG_CXX_LANGUAGE_STANDARD = "gnu++17";
				CLANG_CXX_LIBRARY = "libc++";
				CLANG_ENABLE_MODULES = YES;
				CLANG_ENABLE_OBJC_ARC = YES;
				CLANG_ENABLE_OBJC_WEAK = YES;
				CLANG_WARN_BLOCK_CAPTURE_AUTORELEASING = YES;
				CLANG_WARN_BOOL_CONVERSION = YES;
				CLANG_WARN_COMMA = YES;
				CLANG_WARN_CONSTANT_CONVERSION = YES;
				CLANG_WARN_DEPRECATED_OBJC_IMPLEMENTATIONS = YES;
				CLANG_WARN_DIRECT_OBJC_ISA_USAGE = YES_ERROR;
				CLANG_WARN_DOCUMENTATION_COMMENTS = YES;
				CLANG_WARN_EMPTY_BODY = YES;
				CLANG_WARN_ENUM_CONVERSION = YES;
				CLANG_WARN_INFINITE_RECURSION = YES;
				CLANG_WARN_INT_CONVERSION = YES;
				CLANG_WARN_NON_LITERAL_NULL_CONVERSION = YES;
				CLANG_WARN_OBJC_IMPLICIT_RETAIN_SELF = YES;
				CLANG_WARN_OBJC_LITERAL_CONVERSION = YES;
				CLANG_WARN_OBJC_ROOT_CLASS = YES_ERROR;
				CLANG_WARN_QUOTED_INCLUDE_IN_FRAMEWORK_HEADER = YES;
				CLANG_WARN_RANGE_LOOP_ANALYSIS = YES;
				CLANG_WARN_STRICT_PROTOTYPES = YES;
				CLANG_WARN_SUSPICIOUS_MOVE = YES;
				CLANG_WARN_UNGUARDED_AVAILABILITY = YES_AGGRESSIVE;
				CLANG_WARN_UNREACHABLE_CODE = YES;
				CLANG_WARN__DUPLICATE_METHOD_MATCH = YES;
				COPY_PHASE_STRIP = NO;
				DEBUG_INFORMATION_FORMAT = dwarf;
				ENABLE_STRICT_OBJC_MSGSEND = YES;
				ENABLE_TESTABILITY = YES;
				GCC_C_LANGUAGE_STANDARD = gnu11;
				GCC_DYNAMIC_NO_PIC = NO;
				GCC_NO_COMMON_BLOCKS = YES;
				GCC_OPTIMIZATION_LEVEL = 0;
				GCC_PREPROCESSOR_DEFINITIONS = (
					"DEBUG=1",
					"$(inherited)",
				);
				GCC_WARN_64_TO_32_BIT_CONVERSION = YES;
				GCC_WARN_ABOUT_RETURN_TYPE = YES_ERROR;
				GCC_WARN_UNDECLARED_SELECTOR = YES;
				GCC_WARN_UNINITIALIZED_AUTOS = YES_AGGRESSIVE;
				GCC_WARN_UNUSED_FUNCTION = YES;
				GCC_WARN_UNUSED_VARIABLE = YES;
				IPHONEOS_DEPLOYMENT_TARGET = 15.0;
				MTL_ENABLE_DEBUG_INFO = INCLUDE_SOURCE;
				MTL_FAST_MATH = YES;
				ONLY_ACTIVE_ARCH = YES;
				SDKROOT = iphoneos;
				SWIFT_ACTIVE_COMPILATION_CONDITIONS = DEBUG;
				SWIFT_OPTIMIZATION_LEVEL = "-Onone";
			};
			name = Debug;
		};
		124F48B026CBB33F003770BC /* Release */ = {
			isa = XCBuildConfiguration;
			buildSettings = {
				ALWAYS_SEARCH_USER_PATHS = NO;
				CLANG_ANALYZER_NONNULL = YES;
				CLANG_ANALYZER_NUMBER_OBJECT_CONVERSION = YES_AGGRESSIVE;
				CLANG_CXX_LANGUAGE_STANDARD = "gnu++17";
				CLANG_CXX_LIBRARY = "libc++";
				CLANG_ENABLE_MODULES = YES;
				CLANG_ENABLE_OBJC_ARC = YES;
				CLANG_ENABLE_OBJC_WEAK = YES;
				CLANG_WARN_BLOCK_CAPTURE_AUTORELEASING = YES;
				CLANG_WARN_BOOL_CONVERSION = YES;
				CLANG_WARN_COMMA = YES;
				CLANG_WARN_CONSTANT_CONVERSION = YES;
				CLANG_WARN_DEPRECATED_OBJC_IMPLEMENTATIONS = YES;
				CLANG_WARN_DIRECT_OBJC_ISA_USAGE = YES_ERROR;
				CLANG_WARN_DOCUMENTATION_COMMENTS = YES;
				CLANG_WARN_EMPTY_BODY = YES;
				CLANG_WARN_ENUM_CONVERSION = YES;
				CLANG_WARN_INFINITE_RECURSION = YES;
				CLANG_WARN_INT_CONVERSION = YES;
				CLANG_WARN_NON_LITERAL_NULL_CONVERSION = YES;
				CLANG_WARN_OBJC_IMPLICIT_RETAIN_SELF = YES;
				CLANG_WARN_OBJC_LITERAL_CONVERSION = YES;
				CLANG_WARN_OBJC_ROOT_CLASS = YES_ERROR;
				CLANG_WARN_QUOTED_INCLUDE_IN_FRAMEWORK_HEADER = YES;
				CLANG_WARN_RANGE_LOOP_ANALYSIS = YES;
				CLANG_WARN_STRICT_PROTOTYPES = YES;
				CLANG_WARN_SUSPICIOUS_MOVE = YES;
				CLANG_WARN_UNGUARDED_AVAILABILITY = YES_AGGRESSIVE;
				CLANG_WARN_UNREACHABLE_CODE = YES;
				CLANG_WARN__DUPLICATE_METHOD_MATCH = YES;
				COPY_PHASE_STRIP = NO;
				DEBUG_INFORMATION_FORMAT = "dwarf-with-dsym";
				ENABLE_NS_ASSERTIONS = NO;
				ENABLE_STRICT_OBJC_MSGSEND = YES;
				GCC_C_LANGUAGE_STANDARD = gnu11;
				GCC_NO_COMMON_BLOCKS = YES;
				GCC_WARN_64_TO_32_BIT_CONVERSION = YES;
				GCC_WARN_ABOUT_RETURN_TYPE = YES_ERROR;
				GCC_WARN_UNDECLARED_SELECTOR = YES;
				GCC_WARN_UNINITIALIZED_AUTOS = YES_AGGRESSIVE;
				GCC_WARN_UNUSED_FUNCTION = YES;
				GCC_WARN_UNUSED_VARIABLE = YES;
				IPHONEOS_DEPLOYMENT_TARGET = 15.0;
				MTL_ENABLE_DEBUG_INFO = NO;
				MTL_FAST_MATH = YES;
				SDKROOT = iphoneos;
				SWIFT_COMPILATION_MODE = wholemodule;
				SWIFT_OPTIMIZATION_LEVEL = "-O";
				VALIDATE_PRODUCT = YES;
			};
			name = Release;
		};
		124F48B226CBB33F003770BC /* Debug */ = {
			isa = XCBuildConfiguration;
			buildSettings = {
				ASSETCATALOG_COMPILER_APPICON_NAME = AppIcon;
				ASSETCATALOG_COMPILER_GLOBAL_ACCENT_COLOR_NAME = AccentColor;
				CODE_SIGN_STYLE = Automatic;
				CURRENT_PROJECT_VERSION = 1;
				DEVELOPMENT_ASSET_PATHS = "\"SmartTracker/Preview Content\"";
				ENABLE_PREVIEWS = YES;
				GENERATE_INFOPLIST_FILE = YES;
				INFOPLIST_KEY_UIApplicationSceneManifest_Generation = YES;
				INFOPLIST_KEY_UIApplicationSupportsIndirectInputEvents = YES;
				INFOPLIST_KEY_UILaunchScreen_Generation = YES;
				INFOPLIST_KEY_UISupportedInterfaceOrientations_iPad = "UIInterfaceOrientationPortrait UIInterfaceOrientationPortraitUpsideDown UIInterfaceOrientationLandscapeLeft UIInterfaceOrientationLandscapeRight";
				INFOPLIST_KEY_UISupportedInterfaceOrientations_iPhone = "UIInterfaceOrientationPortrait UIInterfaceOrientationLandscapeLeft UIInterfaceOrientationLandscapeRight";
				IPHONEOS_DEPLOYMENT_TARGET = 14.0;
				LD_RUNPATH_SEARCH_PATHS = (
					"$(inherited)",
					"@executable_path/Frameworks",
				);
				MARKETING_VERSION = 1.0;
				PRODUCT_BUNDLE_IDENTIFIER = com.harry.test.SmartTracker;
				PRODUCT_NAME = "$(TARGET_NAME)";
				SWIFT_EMIT_LOC_STRINGS = YES;
				SWIFT_VERSION = 5.0;
				TARGETED_DEVICE_FAMILY = "1,2";
			};
			name = Debug;
		};
		124F48B326CBB33F003770BC /* Release */ = {
			isa = XCBuildConfiguration;
			buildSettings = {
				ASSETCATALOG_COMPILER_APPICON_NAME = AppIcon;
				ASSETCATALOG_COMPILER_GLOBAL_ACCENT_COLOR_NAME = AccentColor;
				CODE_SIGN_STYLE = Automatic;
				CURRENT_PROJECT_VERSION = 1;
				DEVELOPMENT_ASSET_PATHS = "\"SmartTracker/Preview Content\"";
				ENABLE_PREVIEWS = YES;
				GENERATE_INFOPLIST_FILE = YES;
				INFOPLIST_KEY_UIApplicationSceneManifest_Generation = YES;
				INFOPLIST_KEY_UIApplicationSupportsIndirectInputEvents = YES;
				INFOPLIST_KEY_UILaunchScreen_Generation = YES;
				INFOPLIST_KEY_UISupportedInterfaceOrientations_iPad = "UIInterfaceOrientationPortrait UIInterfaceOrientationPortraitUpsideDown UIInterfaceOrientationLandscapeLeft UIInterfaceOrientationLandscapeRight";
				INFOPLIST_KEY_UISupportedInterfaceOrientations_iPhone = "UIInterfaceOrientationPortrait UIInterfaceOrientationLandscapeLeft UIInterfaceOrientationLandscapeRight";
				IPHONEOS_DEPLOYMENT_TARGET = 14.0;
				LD_RUNPATH_SEARCH_PATHS = (
					"$(inherited)",
					"@executable_path/Frameworks",
				);
				MARKETING_VERSION = 1.0;
				PRODUCT_BUNDLE_IDENTIFIER = com.harry.test.SmartTracker;
				PRODUCT_NAME = "$(TARGET_NAME)";
				SWIFT_EMIT_LOC_STRINGS = YES;
				SWIFT_VERSION = 5.0;
				TARGETED_DEVICE_FAMILY = "1,2";
			};
			name = Release;
		};
		124F48B526CBB33F003770BC /* Debug */ = {
			isa = XCBuildConfiguration;
			buildSettings = {
				ALWAYS_EMBED_SWIFT_STANDARD_LIBRARIES = YES;
				BUNDLE_LOADER = "$(TEST_HOST)";
				CODE_SIGN_STYLE = Automatic;
				CURRENT_PROJECT_VERSION = 1;
				GENERATE_INFOPLIST_FILE = YES;
				IPHONEOS_DEPLOYMENT_TARGET = 14.0;
				LD_RUNPATH_SEARCH_PATHS = (
					"$(inherited)",
					"@executable_path/Frameworks",
					"@loader_path/Frameworks",
				);
				MARKETING_VERSION = 1.0;
				PRODUCT_BUNDLE_IDENTIFIER = com.harry.test.SmartTrackerTests;
				PRODUCT_NAME = "$(TARGET_NAME)";
				SWIFT_EMIT_LOC_STRINGS = NO;
				SWIFT_VERSION = 5.0;
				TARGETED_DEVICE_FAMILY = "1,2";
				TEST_HOST = "$(BUILT_PRODUCTS_DIR)/SmartTracker.app/SmartTracker";
			};
			name = Debug;
		};
		124F48B626CBB33F003770BC /* Release */ = {
			isa = XCBuildConfiguration;
			buildSettings = {
				ALWAYS_EMBED_SWIFT_STANDARD_LIBRARIES = YES;
				BUNDLE_LOADER = "$(TEST_HOST)";
				CODE_SIGN_STYLE = Automatic;
				CURRENT_PROJECT_VERSION = 1;
				GENERATE_INFOPLIST_FILE = YES;
				IPHONEOS_DEPLOYMENT_TARGET = 14.0;
				LD_RUNPATH_SEARCH_PATHS = (
					"$(inherited)",
					"@executable_path/Frameworks",
					"@loader_path/Frameworks",
				);
				MARKETING_VERSION = 1.0;
				PRODUCT_BUNDLE_IDENTIFIER = com.harry.test.SmartTrackerTests;
				PRODUCT_NAME = "$(TARGET_NAME)";
				SWIFT_EMIT_LOC_STRINGS = NO;
				SWIFT_VERSION = 5.0;
				TARGETED_DEVICE_FAMILY = "1,2";
				TEST_HOST = "$(BUILT_PRODUCTS_DIR)/SmartTracker.app/SmartTracker";
			};
			name = Release;
		};
		124F48B826CBB33F003770BC /* Debug */ = {
			isa = XCBuildConfiguration;
			buildSettings = {
				ALWAYS_EMBED_SWIFT_STANDARD_LIBRARIES = YES;
				CODE_SIGN_STYLE = Automatic;
				CURRENT_PROJECT_VERSION = 1;
				GENERATE_INFOPLIST_FILE = YES;
				LD_RUNPATH_SEARCH_PATHS = (
					"$(inherited)",
					"@executable_path/Frameworks",
					"@loader_path/Frameworks",
				);
				MARKETING_VERSION = 1.0;
				PRODUCT_BUNDLE_IDENTIFIER = com.harry.test.SmartTrackerUITests;
				PRODUCT_NAME = "$(TARGET_NAME)";
				SWIFT_EMIT_LOC_STRINGS = NO;
				SWIFT_VERSION = 5.0;
				TARGETED_DEVICE_FAMILY = "1,2";
				TEST_TARGET_NAME = SmartTracker;
			};
			name = Debug;
		};
		124F48B926CBB33F003770BC /* Release */ = {
			isa = XCBuildConfiguration;
			buildSettings = {
				ALWAYS_EMBED_SWIFT_STANDARD_LIBRARIES = YES;
				CODE_SIGN_STYLE = Automatic;
				CURRENT_PROJECT_VERSION = 1;
				GENERATE_INFOPLIST_FILE = YES;
				LD_RUNPATH_SEARCH_PATHS = (
					"$(inherited)",
					"@executable_path/Frameworks",
					"@loader_path/Frameworks",
				);
				MARKETING_VERSION = 1.0;
				PRODUCT_BUNDLE_IDENTIFIER = com.harry.test.SmartTrackerUITests;
				PRODUCT_NAME = "$(TARGET_NAME)";
				SWIFT_EMIT_LOC_STRINGS = NO;
				SWIFT_VERSION = 5.0;
				TARGETED_DEVICE_FAMILY = "1,2";
				TEST_TARGET_NAME = SmartTracker;
			};
			name = Release;
		};
/* End XCBuildConfiguration section */

/* Begin XCConfigurationList section */
		124F488526CBB33E003770BC /* Build configuration list for PBXProject "SmartTracker" */ = {
			isa = XCConfigurationList;
			buildConfigurations = (
				124F48AF26CBB33F003770BC /* Debug */,
				124F48B026CBB33F003770BC /* Release */,
			);
			defaultConfigurationIsVisible = 0;
			defaultConfigurationName = Release;
		};
		124F48B126CBB33F003770BC /* Build configuration list for PBXNativeTarget "SmartTracker" */ = {
			isa = XCConfigurationList;
			buildConfigurations = (
				124F48B226CBB33F003770BC /* Debug */,
				124F48B326CBB33F003770BC /* Release */,
			);
			defaultConfigurationIsVisible = 0;
			defaultConfigurationName = Release;
		};
		124F48B426CBB33F003770BC /* Build configuration list for PBXNativeTarget "SmartTrackerTests" */ = {
			isa = XCConfigurationList;
			buildConfigurations = (
				124F48B526CBB33F003770BC /* Debug */,
				124F48B626CBB33F003770BC /* Release */,
			);
			defaultConfigurationIsVisible = 0;
			defaultConfigurationName = Release;
		};
		124F48B726CBB33F003770BC /* Build configuration list for PBXNativeTarget "SmartTrackerUITests" */ = {
			isa = XCConfigurationList;
			buildConfigurations = (
				124F48B826CBB33F003770BC /* Debug */,
				124F48B926CBB33F003770BC /* Release */,
			);
			defaultConfigurationIsVisible = 0;
			defaultConfigurationName = Release;
		};
/* End XCConfigurationList section */

/* Begin XCVersionGroup section */
		124F489826CBB33F003770BC /* SmartTracker.xcdatamodeld */ = {
			isa = XCVersionGroup;
			children = (
				124F489926CBB33F003770BC /* SmartTracker.xcdatamodel */,
			);
			currentVersion = 124F489926CBB33F003770BC /* SmartTracker.xcdatamodel */;
			path = SmartTracker.xcdatamodeld;
			sourceTree = "<group>";
			versionGroupType = wrapper.xcdatamodel;
		};
/* End XCVersionGroup section */
	};
	rootObject = 124F488226CBB33E003770BC /* Project object */;
}
