// !$*UTF8*$!
{
	archiveVersion = 1;
	classes = {
	};
	objectVersion = 55;
	objects = {

/* Begin PBXBuildFile section */
		1204ED8126CC9DA50085DE15 /* Constant.swift in Sources */ = {isa = PBXBuildFile; fileRef = 1204ED8026CC9DA50085DE15 /* Constant.swift */; };
		1204ED8626CC9EE10085DE15 /* Category.swift in Sources */ = {isa = PBXBuildFile; fileRef = 1204ED8526CC9EE10085DE15 /* Category.swift */; };
		1204ED8826CCE8F30085DE15 /* RootView.swift in Sources */ = {isa = PBXBuildFile; fileRef = 1204ED8726CCE8F30085DE15 /* RootView.swift */; };
		1204ED8F26CCE95C0085DE15 /* CategoryTabView.swift in Sources */ = {isa = PBXBuildFile; fileRef = 1204ED8E26CCE95C0085DE15 /* CategoryTabView.swift */; };
		1204ED9126CCE96E0085DE15 /* CategoryRow.swift in Sources */ = {isa = PBXBuildFile; fileRef = 1204ED9026CCE96E0085DE15 /* CategoryRow.swift */; };
		1204ED9326CCE9830085DE15 /* CategoryImageView.swift in Sources */ = {isa = PBXBuildFile; fileRef = 1204ED9226CCE9830085DE15 /* CategoryImageView.swift */; };
		1204ED9526CCE9F10085DE15 /* CategoryListPresenter.swift in Sources */ = {isa = PBXBuildFile; fileRef = 1204ED9426CCE9F10085DE15 /* CategoryListPresenter.swift */; };
		1204ED9726CCEA2A0085DE15 /* CategoryListInteractor.swift in Sources */ = {isa = PBXBuildFile; fileRef = 1204ED9626CCEA2A0085DE15 /* CategoryListInteractor.swift */; };
		1204ED9926CCEA560085DE15 /* TransactionInteractor.swift in Sources */ = {isa = PBXBuildFile; fileRef = 1204ED9826CCEA560085DE15 /* TransactionInteractor.swift */; };
		1204ED9B26CCEA7C0085DE15 /* DataProviders.swift in Sources */ = {isa = PBXBuildFile; fileRef = 1204ED9A26CCEA7C0085DE15 /* DataProviders.swift */; };
		1204ED9D26CCEB2E0085DE15 /* CurrencyResponse.swift in Sources */ = {isa = PBXBuildFile; fileRef = 1204ED9C26CCEB2E0085DE15 /* CurrencyResponse.swift */; };
		1204EDA226CCEBCA0085DE15 /* TransactionViewModel.swift in Sources */ = {isa = PBXBuildFile; fileRef = 1204EDA126CCEBCA0085DE15 /* TransactionViewModel.swift */; };
		1204EDA626CCEC310085DE15 /* DataLayer.swift in Sources */ = {isa = PBXBuildFile; fileRef = 1204EDA526CCEC310085DE15 /* DataLayer.swift */; };
		1204EDA826CCEC410085DE15 /* CategoryRepository.swift in Sources */ = {isa = PBXBuildFile; fileRef = 1204EDA726CCEC410085DE15 /* CategoryRepository.swift */; };
		1204EDAA26CCEC5A0085DE15 /* TransactionRepository.swift in Sources */ = {isa = PBXBuildFile; fileRef = 1204EDA926CCEC5A0085DE15 /* TransactionRepository.swift */; };
		1204EDAD26CCEEEC0085DE15 /* DateExtension.swift in Sources */ = {isa = PBXBuildFile; fileRef = 1204EDAC26CCEEEC0085DE15 /* DateExtension.swift */; };
		1204EDB126CCF3DE0085DE15 /* TextView.swift in Sources */ = {isa = PBXBuildFile; fileRef = 1204EDB026CCF3DE0085DE15 /* TextView.swift */; };
		1204EDB426CCF4100085DE15 /* InterFontModifier.swift in Sources */ = {isa = PBXBuildFile; fileRef = 1204EDB326CCF4100085DE15 /* InterFontModifier.swift */; };
		1204EDB626CCF4280085DE15 /* DropdownButton.swift in Sources */ = {isa = PBXBuildFile; fileRef = 1204EDB526CCF4280085DE15 /* DropdownButton.swift */; };
		1204EDB826CCF8E50085DE15 /* DateUtils.swift in Sources */ = {isa = PBXBuildFile; fileRef = 1204EDB726CCF8E50085DE15 /* DateUtils.swift */; };
		1204EDC426CCF91E0085DE15 /* Inter-Medium.ttf in Resources */ = {isa = PBXBuildFile; fileRef = 1204EDBA26CCF91E0085DE15 /* Inter-Medium.ttf */; };
		1204EDC526CCF91E0085DE15 /* Inter-Light.ttf in Resources */ = {isa = PBXBuildFile; fileRef = 1204EDBB26CCF91E0085DE15 /* Inter-Light.ttf */; };
		1204EDC626CCF91E0085DE15 /* Inter-Thin.ttf in Resources */ = {isa = PBXBuildFile; fileRef = 1204EDBC26CCF91E0085DE15 /* Inter-Thin.ttf */; };
		1204EDC726CCF91E0085DE15 /* Inter-Bold.ttf in Resources */ = {isa = PBXBuildFile; fileRef = 1204EDBD26CCF91E0085DE15 /* Inter-Bold.ttf */; };
		1204EDC826CCF91E0085DE15 /* Inter-Regular.ttf in Resources */ = {isa = PBXBuildFile; fileRef = 1204EDBE26CCF91E0085DE15 /* Inter-Regular.ttf */; };
		1204EDC926CCF91E0085DE15 /* Inter-ExtraBold.ttf in Resources */ = {isa = PBXBuildFile; fileRef = 1204EDBF26CCF91E0085DE15 /* Inter-ExtraBold.ttf */; };
		1204EDCA26CCF91E0085DE15 /* OFL.txt in Resources */ = {isa = PBXBuildFile; fileRef = 1204EDC026CCF91E0085DE15 /* OFL.txt */; };
		1204EDCB26CCF91E0085DE15 /* Inter-ExtraLight.ttf in Resources */ = {isa = PBXBuildFile; fileRef = 1204EDC126CCF91E0085DE15 /* Inter-ExtraLight.ttf */; };
		1204EDCC26CCF91E0085DE15 /* Inter-Black.ttf in Resources */ = {isa = PBXBuildFile; fileRef = 1204EDC226CCF91E0085DE15 /* Inter-Black.ttf */; };
		1204EDCD26CCF91E0085DE15 /* Inter-SemiBold.ttf in Resources */ = {isa = PBXBuildFile; fileRef = 1204EDC326CCF91E0085DE15 /* Inter-SemiBold.ttf */; };
		1204EDCF26CCF9520085DE15 /* ColorExtension.swift in Sources */ = {isa = PBXBuildFile; fileRef = 1204EDCE26CCF9520085DE15 /* ColorExtension.swift */; };
		1204EDD426CCFA720085DE15 /* TransactionTabView.swift in Sources */ = {isa = PBXBuildFile; fileRef = 1204EDD326CCFA720085DE15 /* TransactionTabView.swift */; };
		1204EDD626CCFA7B0085DE15 /* TransactionRow.swift in Sources */ = {isa = PBXBuildFile; fileRef = 1204EDD526CCFA7B0085DE15 /* TransactionRow.swift */; };
		1204EDD826CCFA980085DE15 /* TransactionPresenter.swift in Sources */ = {isa = PBXBuildFile; fileRef = 1204EDD726CCFA980085DE15 /* TransactionPresenter.swift */; };
		1204EDDA26CCFAC30085DE15 /* TransactionListWireframe.swift in Sources */ = {isa = PBXBuildFile; fileRef = 1204EDD926CCFAC30085DE15 /* TransactionListWireframe.swift */; };
		1204EDDC26CCFE8F0085DE15 /* TransactionViewModelExtension.swift in Sources */ = {isa = PBXBuildFile; fileRef = 1204EDDB26CCFE8F0085DE15 /* TransactionViewModelExtension.swift */; };
		1204EDE226CD00C60085DE15 /* TransactionFormPresenter.swift in Sources */ = {isa = PBXBuildFile; fileRef = 1204EDE126CD00C60085DE15 /* TransactionFormPresenter.swift */; };
		1204EDE426CD01840085DE15 /* TransactionFormView.swift in Sources */ = {isa = PBXBuildFile; fileRef = 1204EDE326CD01840085DE15 /* TransactionFormView.swift */; };
		1204EDE726CD14D40085DE15 /* DataProviderServiceTests.swift in Sources */ = {isa = PBXBuildFile; fileRef = 1204EDE626CD14D40085DE15 /* DataProviderServiceTests.swift */; };
		1204EDE926CD16EA0085DE15 /* XCTestExtension.swift in Sources */ = {isa = PBXBuildFile; fileRef = 1204EDE826CD16EA0085DE15 /* XCTestExtension.swift */; };
		124F488E26CBB33E003770BC /* SmartTrackerApp.swift in Sources */ = {isa = PBXBuildFile; fileRef = 124F488D26CBB33E003770BC /* SmartTrackerApp.swift */; };
		124F489226CBB33F003770BC /* Assets.xcassets in Resources */ = {isa = PBXBuildFile; fileRef = 124F489126CBB33F003770BC /* Assets.xcassets */; };
		124F489526CBB33F003770BC /* Preview Assets.xcassets in Resources */ = {isa = PBXBuildFile; fileRef = 124F489426CBB33F003770BC /* Preview Assets.xcassets */; };
		124F489726CBB33F003770BC /* Persistence.swift in Sources */ = {isa = PBXBuildFile; fileRef = 124F489626CBB33F003770BC /* Persistence.swift */; };
		124F489A26CBB33F003770BC /* SmartTracker.xcdatamodeld in Sources */ = {isa = PBXBuildFile; fileRef = 124F489826CBB33F003770BC /* SmartTracker.xcdatamodeld */; };
		124F48A426CBB33F003770BC /* TransactionServiceTests.swift in Sources */ = {isa = PBXBuildFile; fileRef = 124F48A326CBB33F003770BC /* TransactionServiceTests.swift */; };
/* End PBXBuildFile section */

/* Begin PBXContainerItemProxy section */
		124F48A026CBB33F003770BC /* PBXContainerItemProxy */ = {
			isa = PBXContainerItemProxy;
			containerPortal = 124F488226CBB33E003770BC /* Project object */;
			proxyType = 1;
			remoteGlobalIDString = 124F488926CBB33E003770BC;
			remoteInfo = SmartTracker;
		};
/* End PBXContainerItemProxy section */

/* Begin PBXFileReference section */
		1204ED8026CC9DA50085DE15 /* Constant.swift */ = {isa = PBXFileReference; lastKnownFileType = sourcecode.swift; path = Constant.swift; sourceTree = "<group>"; };
		1204ED8526CC9EE10085DE15 /* Category.swift */ = {isa = PBXFileReference; lastKnownFileType = sourcecode.swift; path = Category.swift; sourceTree = "<group>"; };
		1204ED8726CCE8F30085DE15 /* RootView.swift */ = {isa = PBXFileReference; lastKnownFileType = sourcecode.swift; path = RootView.swift; sourceTree = "<group>"; };
		1204ED8E26CCE95C0085DE15 /* CategoryTabView.swift */ = {isa = PBXFileReference; lastKnownFileType = sourcecode.swift; path = CategoryTabView.swift; sourceTree = "<group>"; };
		1204ED9026CCE96E0085DE15 /* CategoryRow.swift */ = {isa = PBXFileReference; lastKnownFileType = sourcecode.swift; path = CategoryRow.swift; sourceTree = "<group>"; };
		1204ED9226CCE9830085DE15 /* CategoryImageView.swift */ = {isa = PBXFileReference; lastKnownFileType = sourcecode.swift; path = CategoryImageView.swift; sourceTree = "<group>"; };
		1204ED9426CCE9F10085DE15 /* CategoryListPresenter.swift */ = {isa = PBXFileReference; lastKnownFileType = sourcecode.swift; path = CategoryListPresenter.swift; sourceTree = "<group>"; };
		1204ED9626CCEA2A0085DE15 /* CategoryListInteractor.swift */ = {isa = PBXFileReference; lastKnownFileType = sourcecode.swift; path = CategoryListInteractor.swift; sourceTree = "<group>"; };
		1204ED9826CCEA560085DE15 /* TransactionInteractor.swift */ = {isa = PBXFileReference; lastKnownFileType = sourcecode.swift; path = TransactionInteractor.swift; sourceTree = "<group>"; };
		1204ED9A26CCEA7C0085DE15 /* DataProviders.swift */ = {isa = PBXFileReference; lastKnownFileType = sourcecode.swift; path = DataProviders.swift; sourceTree = "<group>"; };
		1204ED9C26CCEB2E0085DE15 /* CurrencyResponse.swift */ = {isa = PBXFileReference; lastKnownFileType = sourcecode.swift; path = CurrencyResponse.swift; sourceTree = "<group>"; };
		1204EDA126CCEBCA0085DE15 /* TransactionViewModel.swift */ = {isa = PBXFileReference; lastKnownFileType = sourcecode.swift; path = TransactionViewModel.swift; sourceTree = "<group>"; };
		1204EDA526CCEC310085DE15 /* DataLayer.swift */ = {isa = PBXFileReference; lastKnownFileType = sourcecode.swift; path = DataLayer.swift; sourceTree = "<group>"; };
		1204EDA726CCEC410085DE15 /* CategoryRepository.swift */ = {isa = PBXFileReference; lastKnownFileType = sourcecode.swift; path = CategoryRepository.swift; sourceTree = "<group>"; };
		1204EDA926CCEC5A0085DE15 /* TransactionRepository.swift */ = {isa = PBXFileReference; lastKnownFileType = sourcecode.swift; path = TransactionRepository.swift; sourceTree = "<group>"; };
		1204EDAC26CCEEEC0085DE15 /* DateExtension.swift */ = {isa = PBXFileReference; lastKnownFileType = sourcecode.swift; path = DateExtension.swift; sourceTree = "<group>"; };
		1204EDB026CCF3DE0085DE15 /* TextView.swift */ = {isa = PBXFileReference; lastKnownFileType = sourcecode.swift; path = TextView.swift; sourceTree = "<group>"; };
		1204EDB326CCF4100085DE15 /* InterFontModifier.swift */ = {isa = PBXFileReference; lastKnownFileType = sourcecode.swift; path = InterFontModifier.swift; sourceTree = "<group>"; };
		1204EDB526CCF4280085DE15 /* DropdownButton.swift */ = {isa = PBXFileReference; lastKnownFileType = sourcecode.swift; path = DropdownButton.swift; sourceTree = "<group>"; };
		1204EDB726CCF8E50085DE15 /* DateUtils.swift */ = {isa = PBXFileReference; lastKnownFileType = sourcecode.swift; path = DateUtils.swift; sourceTree = "<group>"; };
		1204EDBA26CCF91E0085DE15 /* Inter-Medium.ttf */ = {isa = PBXFileReference; lastKnownFileType = file; path = "Inter-Medium.ttf"; sourceTree = "<group>"; };
		1204EDBB26CCF91E0085DE15 /* Inter-Light.ttf */ = {isa = PBXFileReference; lastKnownFileType = file; path = "Inter-Light.ttf"; sourceTree = "<group>"; };
		1204EDBC26CCF91E0085DE15 /* Inter-Thin.ttf */ = {isa = PBXFileReference; lastKnownFileType = file; path = "Inter-Thin.ttf"; sourceTree = "<group>"; };
		1204EDBD26CCF91E0085DE15 /* Inter-Bold.ttf */ = {isa = PBXFileReference; lastKnownFileType = file; path = "Inter-Bold.ttf"; sourceTree = "<group>"; };
		1204EDBE26CCF91E0085DE15 /* Inter-Regular.ttf */ = {isa = PBXFileReference; lastKnownFileType = file; path = "Inter-Regular.ttf"; sourceTree = "<group>"; };
		1204EDBF26CCF91E0085DE15 /* Inter-ExtraBold.ttf */ = {isa = PBXFileReference; lastKnownFileType = file; path = "Inter-ExtraBold.ttf"; sourceTree = "<group>"; };
		1204EDC026CCF91E0085DE15 /* OFL.txt */ = {isa = PBXFileReference; fileEncoding = 4; lastKnownFileType = text; path = OFL.txt; sourceTree = "<group>"; };
		1204EDC126CCF91E0085DE15 /* Inter-ExtraLight.ttf */ = {isa = PBXFileReference; lastKnownFileType = file; path = "Inter-ExtraLight.ttf"; sourceTree = "<group>"; };
		1204EDC226CCF91E0085DE15 /* Inter-Black.ttf */ = {isa = PBXFileReference; lastKnownFileType = file; path = "Inter-Black.ttf"; sourceTree = "<group>"; };
		1204EDC326CCF91E0085DE15 /* Inter-SemiBold.ttf */ = {isa = PBXFileReference; lastKnownFileType = file; path = "Inter-SemiBold.ttf"; sourceTree = "<group>"; };
		1204EDCE26CCF9520085DE15 /* ColorExtension.swift */ = {isa = PBXFileReference; lastKnownFileType = sourcecode.swift; path = ColorExtension.swift; sourceTree = "<group>"; };
		1204EDD326CCFA720085DE15 /* TransactionTabView.swift */ = {isa = PBXFileReference; lastKnownFileType = sourcecode.swift; path = TransactionTabView.swift; sourceTree = "<group>"; };
		1204EDD526CCFA7B0085DE15 /* TransactionRow.swift */ = {isa = PBXFileReference; lastKnownFileType = sourcecode.swift; path = TransactionRow.swift; sourceTree = "<group>"; };
		1204EDD726CCFA980085DE15 /* TransactionPresenter.swift */ = {isa = PBXFileReference; lastKnownFileType = sourcecode.swift; path = TransactionPresenter.swift; sourceTree = "<group>"; };
		1204EDD926CCFAC30085DE15 /* TransactionListWireframe.swift */ = {isa = PBXFileReference; lastKnownFileType = sourcecode.swift; path = TransactionListWireframe.swift; sourceTree = "<group>"; };
		1204EDDB26CCFE8F0085DE15 /* TransactionViewModelExtension.swift */ = {isa = PBXFileReference; lastKnownFileType = sourcecode.swift; path = TransactionViewModelExtension.swift; sourceTree = "<group>"; };
		1204EDE126CD00C60085DE15 /* TransactionFormPresenter.swift */ = {isa = PBXFileReference; lastKnownFileType = sourcecode.swift; path = TransactionFormPresenter.swift; sourceTree = "<group>"; };
		1204EDE326CD01840085DE15 /* TransactionFormView.swift */ = {isa = PBXFileReference; lastKnownFileType = sourcecode.swift; path = TransactionFormView.swift; sourceTree = "<group>"; };
		1204EDE526CD04E90085DE15 /* Info.plist */ = {isa = PBXFileReference; lastKnownFileType = text.plist; path = Info.plist; sourceTree = "<group>"; };
		1204EDE626CD14D40085DE15 /* DataProviderServiceTests.swift */ = {isa = PBXFileReference; lastKnownFileType = sourcecode.swift; path = DataProviderServiceTests.swift; sourceTree = "<group>"; };
		1204EDE826CD16EA0085DE15 /* XCTestExtension.swift */ = {isa = PBXFileReference; lastKnownFileType = sourcecode.swift; path = XCTestExtension.swift; sourceTree = "<group>"; };
		124F488A26CBB33E003770BC /* SmartTracker.app */ = {isa = PBXFileReference; explicitFileType = wrapper.application; includeInIndex = 0; path = SmartTracker.app; sourceTree = BUILT_PRODUCTS_DIR; };
		124F488D26CBB33E003770BC /* SmartTrackerApp.swift */ = {isa = PBXFileReference; lastKnownFileType = sourcecode.swift; path = SmartTrackerApp.swift; sourceTree = "<group>"; };
		124F489126CBB33F003770BC /* Assets.xcassets */ = {isa = PBXFileReference; lastKnownFileType = folder.assetcatalog; path = Assets.xcassets; sourceTree = "<group>"; };
		124F489426CBB33F003770BC /* Preview Assets.xcassets */ = {isa = PBXFileReference; lastKnownFileType = folder.assetcatalog; path = "Preview Assets.xcassets"; sourceTree = "<group>"; };
		124F489626CBB33F003770BC /* Persistence.swift */ = {isa = PBXFileReference; lastKnownFileType = sourcecode.swift; path = Persistence.swift; sourceTree = "<group>"; };
		124F489926CBB33F003770BC /* SmartTracker.xcdatamodel */ = {isa = PBXFileReference; lastKnownFileType = wrapper.xcdatamodel; path = SmartTracker.xcdatamodel; sourceTree = "<group>"; };
		124F489F26CBB33F003770BC /* SmartTrackerTests.xctest */ = {isa = PBXFileReference; explicitFileType = wrapper.cfbundle; includeInIndex = 0; path = SmartTrackerTests.xctest; sourceTree = BUILT_PRODUCTS_DIR; };
		124F48A326CBB33F003770BC /* TransactionServiceTests.swift */ = {isa = PBXFileReference; lastKnownFileType = sourcecode.swift; path = TransactionServiceTests.swift; sourceTree = "<group>"; };
/* End PBXFileReference section */

/* Begin PBXFrameworksBuildPhase section */
		124F488726CBB33E003770BC /* Frameworks */ = {
			isa = PBXFrameworksBuildPhase;
			buildActionMask = 2147483647;
			files = (
			);
			runOnlyForDeploymentPostprocessing = 0;
		};
		124F489C26CBB33F003770BC /* Frameworks */ = {
			isa = PBXFrameworksBuildPhase;
			buildActionMask = 2147483647;
			files = (
			);
			runOnlyForDeploymentPostprocessing = 0;
		};
/* End PBXFrameworksBuildPhase section */

/* Begin PBXGroup section */
		1204ED7B26CC99E70085DE15 /* App */ = {
			isa = PBXGroup;
			children = (
				1204EDB926CCF91E0085DE15 /* Font */,
				1204EDAE26CCF3960085DE15 /* Utility */,
				1204ED7F26CC9D680085DE15 /* Config */,
				1204ED8926CCE90A0085DE15 /* Modules */,
				1204ED8726CCE8F30085DE15 /* RootView.swift */,
			);
			path = App;
			sourceTree = "<group>";
		};
		1204ED7C26CC99F20085DE15 /* Domain */ = {
			isa = PBXGroup;
			children = (
				1204ED8326CC9E4B0085DE15 /* Entity */,
				1204ED8426CC9E5E0085DE15 /* Interactor */,
				1204ED8226CC9E380085DE15 /* Repository */,
			);
			path = Domain;
			sourceTree = "<group>";
		};
		1204ED7D26CC99FA0085DE15 /* Data */ = {
			isa = PBXGroup;
			children = (
				1204ED7E26CC9A1F0085DE15 /* Database */,
				1204EDAB26CCEED60085DE15 /* Utility */,
				1204EDA426CCEC220085DE15 /* Helper */,
				1204EDA326CCEC160085DE15 /* Repository */,
				1204EDA526CCEC310085DE15 /* DataLayer.swift */,
			);
			path = Data;
			sourceTree = "<group>";
		};
		1204ED7E26CC9A1F0085DE15 /* Database */ = {
			isa = PBXGroup;
			children = (
				124F489826CBB33F003770BC /* SmartTracker.xcdatamodeld */,
			);
			path = Database;
			sourceTree = "<group>";
		};
		1204ED7F26CC9D680085DE15 /* Config */ = {
			isa = PBXGroup;
			children = (
				1204ED8026CC9DA50085DE15 /* Constant.swift */,
			);
			path = Config;
			sourceTree = "<group>";
		};
		1204ED8226CC9E380085DE15 /* Repository */ = {
			isa = PBXGroup;
			children = (
				1204ED9A26CCEA7C0085DE15 /* DataProviders.swift */,
			);
			path = Repository;
			sourceTree = "<group>";
		};
		1204ED8326CC9E4B0085DE15 /* Entity */ = {
			isa = PBXGroup;
			children = (
				1204ED8526CC9EE10085DE15 /* Category.swift */,
				1204ED9C26CCEB2E0085DE15 /* CurrencyResponse.swift */,
				1204EDDB26CCFE8F0085DE15 /* TransactionViewModelExtension.swift */,
			);
			path = Entity;
			sourceTree = "<group>";
		};
		1204ED8426CC9E5E0085DE15 /* Interactor */ = {
			isa = PBXGroup;
			children = (
				1204ED9626CCEA2A0085DE15 /* CategoryListInteractor.swift */,
				1204ED9826CCEA560085DE15 /* TransactionInteractor.swift */,
			);
			path = Interactor;
			sourceTree = "<group>";
		};
		1204ED8926CCE90A0085DE15 /* Modules */ = {
			isa = PBXGroup;
			children = (
				1204ED8B26CCE92B0085DE15 /* Category */,
				1204ED8A26CCE91B0085DE15 /* Transaction */,
			);
			path = Modules;
			sourceTree = "<group>";
		};
		1204ED8A26CCE91B0085DE15 /* Transaction */ = {
			isa = PBXGroup;
			children = (
				1204EDA026CCEBB70085DE15 /* Viewmodel */,
				1204ED9E26CCEB980085DE15 /* List */,
				1204ED9F26CCEBAB0085DE15 /* Form */,
			);
			path = Transaction;
			sourceTree = "<group>";
		};
		1204ED8B26CCE92B0085DE15 /* Category */ = {
			isa = PBXGroup;
			children = (
				1204ED8C26CCE9380085DE15 /* Presenter */,
				1204ED8D26CCE9490085DE15 /* View */,
			);
			path = Category;
			sourceTree = "<group>";
		};
		1204ED8C26CCE9380085DE15 /* Presenter */ = {
			isa = PBXGroup;
			children = (
				1204ED9426CCE9F10085DE15 /* CategoryListPresenter.swift */,
			);
			path = Presenter;
			sourceTree = "<group>";
		};
		1204ED8D26CCE9490085DE15 /* View */ = {
			isa = PBXGroup;
			children = (
				1204ED8E26CCE95C0085DE15 /* CategoryTabView.swift */,
				1204ED9026CCE96E0085DE15 /* CategoryRow.swift */,
				1204ED9226CCE9830085DE15 /* CategoryImageView.swift */,
			);
			path = View;
			sourceTree = "<group>";
		};
		1204ED9E26CCEB980085DE15 /* List */ = {
			isa = PBXGroup;
			children = (
				1204EDD226CCFA620085DE15 /* Presenter */,
				1204EDD126CCFA5C0085DE15 /* View */,
				1204EDD026CCFA510085DE15 /* Wireframe */,
			);
			path = List;
			sourceTree = "<group>";
		};
		1204ED9F26CCEBAB0085DE15 /* Form */ = {
			isa = PBXGroup;
			children = (
				1204EDDD26CD00930085DE15 /* Presenter */,
				1204EDDE26CD009B0085DE15 /* View */,
			);
			path = Form;
			sourceTree = "<group>";
		};
		1204EDA026CCEBB70085DE15 /* Viewmodel */ = {
			isa = PBXGroup;
			children = (
				1204EDA126CCEBCA0085DE15 /* TransactionViewModel.swift */,
			);
			path = Viewmodel;
			sourceTree = "<group>";
		};
		1204EDA326CCEC160085DE15 /* Repository */ = {
			isa = PBXGroup;
			children = (
				1204EDA726CCEC410085DE15 /* CategoryRepository.swift */,
				1204EDA926CCEC5A0085DE15 /* TransactionRepository.swift */,
			);
			path = Repository;
			sourceTree = "<group>";
		};
		1204EDA426CCEC220085DE15 /* Helper */ = {
			isa = PBXGroup;
			children = (
				124F489626CBB33F003770BC /* Persistence.swift */,
			);
			path = Helper;
			sourceTree = "<group>";
		};
		1204EDAB26CCEED60085DE15 /* Utility */ = {
			isa = PBXGroup;
			children = (
				1204EDAC26CCEEEC0085DE15 /* DateExtension.swift */,
			);
			path = Utility;
			sourceTree = "<group>";
		};
		1204EDAE26CCF3960085DE15 /* Utility */ = {
			isa = PBXGroup;
			children = (
				1204EDAF26CCF3B20085DE15 /* Component */,
				1204EDB726CCF8E50085DE15 /* DateUtils.swift */,
			);
			path = Utility;
			sourceTree = "<group>";
		};
		1204EDAF26CCF3B20085DE15 /* Component */ = {
			isa = PBXGroup;
			children = (
				1204EDB026CCF3DE0085DE15 /* TextView.swift */,
				1204EDB326CCF4100085DE15 /* InterFontModifier.swift */,
				1204EDB526CCF4280085DE15 /* DropdownButton.swift */,
				1204EDCE26CCF9520085DE15 /* ColorExtension.swift */,
			);
			path = Component;
			sourceTree = "<group>";
		};
		1204EDB926CCF91E0085DE15 /* Font */ = {
			isa = PBXGroup;
			children = (
				1204EDBA26CCF91E0085DE15 /* Inter-Medium.ttf */,
				1204EDBB26CCF91E0085DE15 /* Inter-Light.ttf */,
				1204EDBC26CCF91E0085DE15 /* Inter-Thin.ttf */,
				1204EDBD26CCF91E0085DE15 /* Inter-Bold.ttf */,
				1204EDBE26CCF91E0085DE15 /* Inter-Regular.ttf */,
				1204EDBF26CCF91E0085DE15 /* Inter-ExtraBold.ttf */,
				1204EDC026CCF91E0085DE15 /* OFL.txt */,
				1204EDC126CCF91E0085DE15 /* Inter-ExtraLight.ttf */,
				1204EDC226CCF91E0085DE15 /* Inter-Black.ttf */,
				1204EDC326CCF91E0085DE15 /* Inter-SemiBold.ttf */,
			);
			path = Font;
			sourceTree = "<group>";
		};
		1204EDD026CCFA510085DE15 /* Wireframe */ = {
			isa = PBXGroup;
			children = (
				1204EDD926CCFAC30085DE15 /* TransactionListWireframe.swift */,
			);
			path = Wireframe;
			sourceTree = "<group>";
		};
		1204EDD126CCFA5C0085DE15 /* View */ = {
			isa = PBXGroup;
			children = (
				1204EDD326CCFA720085DE15 /* TransactionTabView.swift */,
				1204EDD526CCFA7B0085DE15 /* TransactionRow.swift */,
			);
			path = View;
			sourceTree = "<group>";
		};
		1204EDD226CCFA620085DE15 /* Presenter */ = {
			isa = PBXGroup;
			children = (
				1204EDD726CCFA980085DE15 /* TransactionPresenter.swift */,
			);
			path = Presenter;
			sourceTree = "<group>";
		};
		1204EDDD26CD00930085DE15 /* Presenter */ = {
			isa = PBXGroup;
			children = (
				1204EDE126CD00C60085DE15 /* TransactionFormPresenter.swift */,
			);
			path = Presenter;
			sourceTree = "<group>";
		};
		1204EDDE26CD009B0085DE15 /* View */ = {
			isa = PBXGroup;
			children = (
				1204EDE326CD01840085DE15 /* TransactionFormView.swift */,
			);
			path = View;
			sourceTree = "<group>";
		};
		124F488126CBB33E003770BC = {
			isa = PBXGroup;
			children = (
				124F488C26CBB33E003770BC /* SmartTracker */,
				124F48A226CBB33F003770BC /* SmartTrackerTests */,
				124F488B26CBB33E003770BC /* Products */,
			);
			sourceTree = "<group>";
		};
		124F488B26CBB33E003770BC /* Products */ = {
			isa = PBXGroup;
			children = (
				124F488A26CBB33E003770BC /* SmartTracker.app */,
				124F489F26CBB33F003770BC /* SmartTrackerTests.xctest */,
			);
			name = Products;
			sourceTree = "<group>";
		};
		124F488C26CBB33E003770BC /* SmartTracker */ = {
			isa = PBXGroup;
			children = (
				1204ED7D26CC99FA0085DE15 /* Data */,
				1204ED7B26CC99E70085DE15 /* App */,
				1204ED7C26CC99F20085DE15 /* Domain */,
				124F488D26CBB33E003770BC /* SmartTrackerApp.swift */,
				1204EDE526CD04E90085DE15 /* Info.plist */,
				124F489126CBB33F003770BC /* Assets.xcassets */,
				124F489326CBB33F003770BC /* Preview Content */,
			);
			path = SmartTracker;
			sourceTree = "<group>";
		};
		124F489326CBB33F003770BC /* Preview Content */ = {
			isa = PBXGroup;
			children = (
				124F489426CBB33F003770BC /* Preview Assets.xcassets */,
			);
			path = "Preview Content";
			sourceTree = "<group>";
		};
		124F48A226CBB33F003770BC /* SmartTrackerTests */ = {
			isa = PBXGroup;
			children = (
				124F48A326CBB33F003770BC /* TransactionServiceTests.swift */,
				1204EDE626CD14D40085DE15 /* DataProviderServiceTests.swift */,
				1204EDE826CD16EA0085DE15 /* XCTestExtension.swift */,
			);
			path = SmartTrackerTests;
			sourceTree = "<group>";
		};
/* End PBXGroup section */

/* Begin PBXNativeTarget section */
		124F488926CBB33E003770BC /* SmartTracker */ = {
			isa = PBXNativeTarget;
			buildConfigurationList = 124F48B126CBB33F003770BC /* Build configuration list for PBXNativeTarget "SmartTracker" */;
			buildPhases = (
				124F488626CBB33E003770BC /* Sources */,
				124F488726CBB33E003770BC /* Frameworks */,
				124F488826CBB33E003770BC /* Resources */,
			);
			buildRules = (
			);
			dependencies = (
			);
			name = SmartTracker;
			productName = SmartTracker;
			productReference = 124F488A26CBB33E003770BC /* SmartTracker.app */;
			productType = "com.apple.product-type.application";
		};
		124F489E26CBB33F003770BC /* SmartTrackerTests */ = {
			isa = PBXNativeTarget;
			buildConfigurationList = 124F48B426CBB33F003770BC /* Build configuration list for PBXNativeTarget "SmartTrackerTests" */;
			buildPhases = (
				124F489B26CBB33F003770BC /* Sources */,
				124F489C26CBB33F003770BC /* Frameworks */,
				124F489D26CBB33F003770BC /* Resources */,
			);
			buildRules = (
			);
			dependencies = (
				124F48A126CBB33F003770BC /* PBXTargetDependency */,
			);
			name = SmartTrackerTests;
			productName = SmartTrackerTests;
			productReference = 124F489F26CBB33F003770BC /* SmartTrackerTests.xctest */;
			productType = "com.apple.product-type.bundle.unit-test";
		};
/* End PBXNativeTarget section */

/* Begin PBXProject section */
		124F488226CBB33E003770BC /* Project object */ = {
			isa = PBXProject;
			attributes = {
				BuildIndependentTargetsInParallel = 1;
				LastSwiftUpdateCheck = 1300;
				LastUpgradeCheck = 1300;
				TargetAttributes = {
					124F488926CBB33E003770BC = {
						CreatedOnToolsVersion = 13.0;
					};
					124F489E26CBB33F003770BC = {
						CreatedOnToolsVersion = 13.0;
						TestTargetID = 124F488926CBB33E003770BC;
					};
				};
			};
			buildConfigurationList = 124F488526CBB33E003770BC /* Build configuration list for PBXProject "SmartTracker" */;
			compatibilityVersion = "Xcode 13.0";
			developmentRegion = en;
			hasScannedForEncodings = 0;
			knownRegions = (
				en,
				Base,
			);
			mainGroup = 124F488126CBB33E003770BC;
			productRefGroup = 124F488B26CBB33E003770BC /* Products */;
			projectDirPath = "";
			projectRoot = "";
			targets = (
				124F488926CBB33E003770BC /* SmartTracker */,
				124F489E26CBB33F003770BC /* SmartTrackerTests */,
			);
		};
/* End PBXProject section */

/* Begin PBXResourcesBuildPhase section */
		124F488826CBB33E003770BC /* Resources */ = {
			isa = PBXResourcesBuildPhase;
			buildActionMask = 2147483647;
			files = (
				1204EDCD26CCF91E0085DE15 /* Inter-SemiBold.ttf in Resources */,
				1204EDC726CCF91E0085DE15 /* Inter-Bold.ttf in Resources */,
				1204EDCB26CCF91E0085DE15 /* Inter-ExtraLight.ttf in Resources */,
				124F489526CBB33F003770BC /* Preview Assets.xcassets in Resources */,
				124F489226CBB33F003770BC /* Assets.xcassets in Resources */,
				1204EDCA26CCF91E0085DE15 /* OFL.txt in Resources */,
				1204EDC926CCF91E0085DE15 /* Inter-ExtraBold.ttf in Resources */,
				1204EDCC26CCF91E0085DE15 /* Inter-Black.ttf in Resources */,
				1204EDC526CCF91E0085DE15 /* Inter-Light.ttf in Resources */,
				1204EDC626CCF91E0085DE15 /* Inter-Thin.ttf in Resources */,
				1204EDC426CCF91E0085DE15 /* Inter-Medium.ttf in Resources */,
				1204EDC826CCF91E0085DE15 /* Inter-Regular.ttf in Resources */,
			);
			runOnlyForDeploymentPostprocessing = 0;
		};
		124F489D26CBB33F003770BC /* Resources */ = {
			isa = PBXResourcesBuildPhase;
			buildActionMask = 2147483647;
			files = (
			);
			runOnlyForDeploymentPostprocessing = 0;
		};
/* End PBXResourcesBuildPhase section */

/* Begin PBXSourcesBuildPhase section */
		124F488626CBB33E003770BC /* Sources */ = {
			isa = PBXSourcesBuildPhase;
			buildActionMask = 2147483647;
			files = (
				1204ED9526CCE9F10085DE15 /* CategoryListPresenter.swift in Sources */,
				1204EDE226CD00C60085DE15 /* TransactionFormPresenter.swift in Sources */,
				1204EDA626CCEC310085DE15 /* DataLayer.swift in Sources */,
				124F489A26CBB33F003770BC /* SmartTracker.xcdatamodeld in Sources */,
				1204EDD626CCFA7B0085DE15 /* TransactionRow.swift in Sources */,
				1204EDCF26CCF9520085DE15 /* ColorExtension.swift in Sources */,
				1204EDDA26CCFAC30085DE15 /* TransactionListWireframe.swift in Sources */,
				1204EDB826CCF8E50085DE15 /* DateUtils.swift in Sources */,
				1204EDB426CCF4100085DE15 /* InterFontModifier.swift in Sources */,
				1204ED8626CC9EE10085DE15 /* Category.swift in Sources */,
				1204ED9126CCE96E0085DE15 /* CategoryRow.swift in Sources */,
				1204EDDC26CCFE8F0085DE15 /* TransactionViewModelExtension.swift in Sources */,
				1204EDD826CCFA980085DE15 /* TransactionPresenter.swift in Sources */,
				1204EDAD26CCEEEC0085DE15 /* DateExtension.swift in Sources */,
				1204ED8826CCE8F30085DE15 /* RootView.swift in Sources */,
				1204ED9726CCEA2A0085DE15 /* CategoryListInteractor.swift in Sources */,
				124F489726CBB33F003770BC /* Persistence.swift in Sources */,
				1204EDB126CCF3DE0085DE15 /* TextView.swift in Sources */,
				1204EDE426CD01840085DE15 /* TransactionFormView.swift in Sources */,
				1204ED9926CCEA560085DE15 /* TransactionInteractor.swift in Sources */,
				124F488E26CBB33E003770BC /* SmartTrackerApp.swift in Sources */,
				1204EDA826CCEC410085DE15 /* CategoryRepository.swift in Sources */,
				1204EDB626CCF4280085DE15 /* DropdownButton.swift in Sources */,
				1204EDD426CCFA720085DE15 /* TransactionTabView.swift in Sources */,
				1204ED9326CCE9830085DE15 /* CategoryImageView.swift in Sources */,
				1204ED8126CC9DA50085DE15 /* Constant.swift in Sources */,
				1204ED8F26CCE95C0085DE15 /* CategoryTabView.swift in Sources */,
				1204EDAA26CCEC5A0085DE15 /* TransactionRepository.swift in Sources */,
				1204ED9B26CCEA7C0085DE15 /* DataProviders.swift in Sources */,
				1204ED9D26CCEB2E0085DE15 /* CurrencyResponse.swift in Sources */,
				1204EDA226CCEBCA0085DE15 /* TransactionViewModel.swift in Sources */,
			);
			runOnlyForDeploymentPostprocessing = 0;
		};
		124F489B26CBB33F003770BC /* Sources */ = {
			isa = PBXSourcesBuildPhase;
			buildActionMask = 2147483647;
			files = (
				1204EDE726CD14D40085DE15 /* DataProviderServiceTests.swift in Sources */,
				1204EDE926CD16EA0085DE15 /* XCTestExtension.swift in Sources */,
				124F48A426CBB33F003770BC /* TransactionServiceTests.swift in Sources */,
			);
			runOnlyForDeploymentPostprocessing = 0;
		};
/* End PBXSourcesBuildPhase section */

/* Begin PBXTargetDependency section */
		124F48A126CBB33F003770BC /* PBXTargetDependency */ = {
			isa = PBXTargetDependency;
			target = 124F488926CBB33E003770BC /* SmartTracker */;
			targetProxy = 124F48A026CBB33F003770BC /* PBXContainerItemProxy */;
		};
/* End PBXTargetDependency section */

/* Begin XCBuildConfiguration section */
		124F48AF26CBB33F003770BC /* Debug */ = {
			isa = XCBuildConfiguration;
			buildSettings = {
				ALWAYS_SEARCH_USER_PATHS = NO;
				CLANG_ANALYZER_NONNULL = YES;
				CLANG_ANALYZER_NUMBER_OBJECT_CONVERSION = YES_AGGRESSIVE;
				CLANG_CXX_LANGUAGE_STANDARD = "gnu++17";
				CLANG_CXX_LIBRARY = "libc++";
				CLANG_ENABLE_MODULES = YES;
				CLANG_ENABLE_OBJC_ARC = YES;
				CLANG_ENABLE_OBJC_WEAK = YES;
				CLANG_WARN_BLOCK_CAPTURE_AUTORELEASING = YES;
				CLANG_WARN_BOOL_CONVERSION = YES;
				CLANG_WARN_COMMA = YES;
				CLANG_WARN_CONSTANT_CONVERSION = YES;
				CLANG_WARN_DEPRECATED_OBJC_IMPLEMENTATIONS = YES;
				CLANG_WARN_DIRECT_OBJC_ISA_USAGE = YES_ERROR;
				CLANG_WARN_DOCUMENTATION_COMMENTS = YES;
				CLANG_WARN_EMPTY_BODY = YES;
				CLANG_WARN_ENUM_CONVERSION = YES;
				CLANG_WARN_INFINITE_RECURSION = YES;
				CLANG_WARN_INT_CONVERSION = YES;
				CLANG_WARN_NON_LITERAL_NULL_CONVERSION = YES;
				CLANG_WARN_OBJC_IMPLICIT_RETAIN_SELF = YES;
				CLANG_WARN_OBJC_LITERAL_CONVERSION = YES;
				CLANG_WARN_OBJC_ROOT_CLASS = YES_ERROR;
				CLANG_WARN_QUOTED_INCLUDE_IN_FRAMEWORK_HEADER = YES;
				CLANG_WARN_RANGE_LOOP_ANALYSIS = YES;
				CLANG_WARN_STRICT_PROTOTYPES = YES;
				CLANG_WARN_SUSPICIOUS_MOVE = YES;
				CLANG_WARN_UNGUARDED_AVAILABILITY = YES_AGGRESSIVE;
				CLANG_WARN_UNREACHABLE_CODE = YES;
				CLANG_WARN__DUPLICATE_METHOD_MATCH = YES;
				COPY_PHASE_STRIP = NO;
				DEBUG_INFORMATION_FORMAT = dwarf;
				ENABLE_STRICT_OBJC_MSGSEND = YES;
				ENABLE_TESTABILITY = YES;
				GCC_C_LANGUAGE_STANDARD = gnu11;
				GCC_DYNAMIC_NO_PIC = NO;
				GCC_NO_COMMON_BLOCKS = YES;
				GCC_OPTIMIZATION_LEVEL = 0;
				GCC_PREPROCESSOR_DEFINITIONS = (
					"DEBUG=1",
					"$(inherited)",
				);
				GCC_WARN_64_TO_32_BIT_CONVERSION = YES;
				GCC_WARN_ABOUT_RETURN_TYPE = YES_ERROR;
				GCC_WARN_UNDECLARED_SELECTOR = YES;
				GCC_WARN_UNINITIALIZED_AUTOS = YES_AGGRESSIVE;
				GCC_WARN_UNUSED_FUNCTION = YES;
				GCC_WARN_UNUSED_VARIABLE = YES;
				IPHONEOS_DEPLOYMENT_TARGET = 15.0;
				MTL_ENABLE_DEBUG_INFO = INCLUDE_SOURCE;
				MTL_FAST_MATH = YES;
				ONLY_ACTIVE_ARCH = YES;
				SDKROOT = iphoneos;
				SWIFT_ACTIVE_COMPILATION_CONDITIONS = DEBUG;
				SWIFT_OPTIMIZATION_LEVEL = "-Onone";
			};
			name = Debug;
		};
		124F48B026CBB33F003770BC /* Release */ = {
			isa = XCBuildConfiguration;
			buildSettings = {
				ALWAYS_SEARCH_USER_PATHS = NO;
				CLANG_ANALYZER_NONNULL = YES;
				CLANG_ANALYZER_NUMBER_OBJECT_CONVERSION = YES_AGGRESSIVE;
				CLANG_CXX_LANGUAGE_STANDARD = "gnu++17";
				CLANG_CXX_LIBRARY = "libc++";
				CLANG_ENABLE_MODULES = YES;
				CLANG_ENABLE_OBJC_ARC = YES;
				CLANG_ENABLE_OBJC_WEAK = YES;
				CLANG_WARN_BLOCK_CAPTURE_AUTORELEASING = YES;
				CLANG_WARN_BOOL_CONVERSION = YES;
				CLANG_WARN_COMMA = YES;
				CLANG_WARN_CONSTANT_CONVERSION = YES;
				CLANG_WARN_DEPRECATED_OBJC_IMPLEMENTATIONS = YES;
				CLANG_WARN_DIRECT_OBJC_ISA_USAGE = YES_ERROR;
				CLANG_WARN_DOCUMENTATION_COMMENTS = YES;
				CLANG_WARN_EMPTY_BODY = YES;
				CLANG_WARN_ENUM_CONVERSION = YES;
				CLANG_WARN_INFINITE_RECURSION = YES;
				CLANG_WARN_INT_CONVERSION = YES;
				CLANG_WARN_NON_LITERAL_NULL_CONVERSION = YES;
				CLANG_WARN_OBJC_IMPLICIT_RETAIN_SELF = YES;
				CLANG_WARN_OBJC_LITERAL_CONVERSION = YES;
				CLANG_WARN_OBJC_ROOT_CLASS = YES_ERROR;
				CLANG_WARN_QUOTED_INCLUDE_IN_FRAMEWORK_HEADER = YES;
				CLANG_WARN_RANGE_LOOP_ANALYSIS = YES;
				CLANG_WARN_STRICT_PROTOTYPES = YES;
				CLANG_WARN_SUSPICIOUS_MOVE = YES;
				CLANG_WARN_UNGUARDED_AVAILABILITY = YES_AGGRESSIVE;
				CLANG_WARN_UNREACHABLE_CODE = YES;
				CLANG_WARN__DUPLICATE_METHOD_MATCH = YES;
				COPY_PHASE_STRIP = NO;
				DEBUG_INFORMATION_FORMAT = "dwarf-with-dsym";
				ENABLE_NS_ASSERTIONS = NO;
				ENABLE_STRICT_OBJC_MSGSEND = YES;
				GCC_C_LANGUAGE_STANDARD = gnu11;
				GCC_NO_COMMON_BLOCKS = YES;
				GCC_WARN_64_TO_32_BIT_CONVERSION = YES;
				GCC_WARN_ABOUT_RETURN_TYPE = YES_ERROR;
				GCC_WARN_UNDECLARED_SELECTOR = YES;
				GCC_WARN_UNINITIALIZED_AUTOS = YES_AGGRESSIVE;
				GCC_WARN_UNUSED_FUNCTION = YES;
				GCC_WARN_UNUSED_VARIABLE = YES;
				IPHONEOS_DEPLOYMENT_TARGET = 15.0;
				MTL_ENABLE_DEBUG_INFO = NO;
				MTL_FAST_MATH = YES;
				SDKROOT = iphoneos;
				SWIFT_COMPILATION_MODE = wholemodule;
				SWIFT_OPTIMIZATION_LEVEL = "-O";
				VALIDATE_PRODUCT = YES;
			};
			name = Release;
		};
		124F48B226CBB33F003770BC /* Debug */ = {
			isa = XCBuildConfiguration;
			buildSettings = {
				ASSETCATALOG_COMPILER_APPICON_NAME = AppIcon;
				ASSETCATALOG_COMPILER_GLOBAL_ACCENT_COLOR_NAME = AccentColor;
				CODE_SIGN_STYLE = Automatic;
				CURRENT_PROJECT_VERSION = 1;
				DEVELOPMENT_ASSET_PATHS = "\"SmartTracker/Preview Content\"";
				ENABLE_PREVIEWS = YES;
				GENERATE_INFOPLIST_FILE = YES;
				INFOPLIST_FILE = SmartTracker/Info.plist;
				INFOPLIST_KEY_UIApplicationSceneManifest_Generation = YES;
				INFOPLIST_KEY_UIApplicationSupportsIndirectInputEvents = YES;
				INFOPLIST_KEY_UILaunchScreen_Generation = YES;
				INFOPLIST_KEY_UISupportedInterfaceOrientations_iPad = "UIInterfaceOrientationPortrait UIInterfaceOrientationPortraitUpsideDown UIInterfaceOrientationLandscapeLeft UIInterfaceOrientationLandscapeRight";
				INFOPLIST_KEY_UISupportedInterfaceOrientations_iPhone = "UIInterfaceOrientationPortrait UIInterfaceOrientationLandscapeLeft UIInterfaceOrientationLandscapeRight";
				IPHONEOS_DEPLOYMENT_TARGET = 15.0;
				LD_RUNPATH_SEARCH_PATHS = (
					"$(inherited)",
					"@executable_path/Frameworks",
				);
				MARKETING_VERSION = 1.0;
				PRODUCT_BUNDLE_IDENTIFIER = com.harry.test.SmartTracker;
				PRODUCT_NAME = "$(TARGET_NAME)";
				SWIFT_EMIT_LOC_STRINGS = YES;
				SWIFT_VERSION = 5.0;
				TARGETED_DEVICE_FAMILY = "1,2";
			};
			name = Debug;
		};
		124F48B326CBB33F003770BC /* Release */ = {
			isa = XCBuildConfiguration;
			buildSettings = {
				ASSETCATALOG_COMPILER_APPICON_NAME = AppIcon;
				ASSETCATALOG_COMPILER_GLOBAL_ACCENT_COLOR_NAME = AccentColor;
				CODE_SIGN_STYLE = Automatic;
				CURRENT_PROJECT_VERSION = 1;
				DEVELOPMENT_ASSET_PATHS = "\"SmartTracker/Preview Content\"";
				ENABLE_PREVIEWS = YES;
				GENERATE_INFOPLIST_FILE = YES;
				INFOPLIST_FILE = SmartTracker/Info.plist;
				INFOPLIST_KEY_UIApplicationSceneManifest_Generation = YES;
				INFOPLIST_KEY_UIApplicationSupportsIndirectInputEvents = YES;
				INFOPLIST_KEY_UILaunchScreen_Generation = YES;
				INFOPLIST_KEY_UISupportedInterfaceOrientations_iPad = "UIInterfaceOrientationPortrait UIInterfaceOrientationPortraitUpsideDown UIInterfaceOrientationLandscapeLeft UIInterfaceOrientationLandscapeRight";
				INFOPLIST_KEY_UISupportedInterfaceOrientations_iPhone = "UIInterfaceOrientationPortrait UIInterfaceOrientationLandscapeLeft UIInterfaceOrientationLandscapeRight";
				IPHONEOS_DEPLOYMENT_TARGET = 15.0;
				LD_RUNPATH_SEARCH_PATHS = (
					"$(inherited)",
					"@executable_path/Frameworks",
				);
				MARKETING_VERSION = 1.0;
				PRODUCT_BUNDLE_IDENTIFIER = com.harry.test.SmartTracker;
				PRODUCT_NAME = "$(TARGET_NAME)";
				SWIFT_EMIT_LOC_STRINGS = YES;
				SWIFT_VERSION = 5.0;
				TARGETED_DEVICE_FAMILY = "1,2";
			};
			name = Release;
		};
		124F48B526CBB33F003770BC /* Debug */ = {
			isa = XCBuildConfiguration;
			buildSettings = {
				ALWAYS_EMBED_SWIFT_STANDARD_LIBRARIES = YES;
				BUNDLE_LOADER = "$(TEST_HOST)";
				CODE_SIGN_STYLE = Automatic;
				CURRENT_PROJECT_VERSION = 1;
				GENERATE_INFOPLIST_FILE = YES;
				IPHONEOS_DEPLOYMENT_TARGET = 15.0;
				LD_RUNPATH_SEARCH_PATHS = (
					"$(inherited)",
					"@executable_path/Frameworks",
					"@loader_path/Frameworks",
				);
				MARKETING_VERSION = 1.0;
				PRODUCT_BUNDLE_IDENTIFIER = com.harry.test.SmartTrackerTests;
				PRODUCT_NAME = "$(TARGET_NAME)";
				SWIFT_EMIT_LOC_STRINGS = NO;
				SWIFT_VERSION = 5.0;
				TARGETED_DEVICE_FAMILY = "1,2";
				TEST_HOST = "$(BUILT_PRODUCTS_DIR)/SmartTracker.app/SmartTracker";
			};
			name = Debug;
		};
		124F48B626CBB33F003770BC /* Release */ = {
			isa = XCBuildConfiguration;
			buildSettings = {
				ALWAYS_EMBED_SWIFT_STANDARD_LIBRARIES = YES;
				BUNDLE_LOADER = "$(TEST_HOST)";
				CODE_SIGN_STYLE = Automatic;
				CURRENT_PROJECT_VERSION = 1;
				GENERATE_INFOPLIST_FILE = YES;
				IPHONEOS_DEPLOYMENT_TARGET = 15.0;
				LD_RUNPATH_SEARCH_PATHS = (
					"$(inherited)",
					"@executable_path/Frameworks",
					"@loader_path/Frameworks",
				);
				MARKETING_VERSION = 1.0;
				PRODUCT_BUNDLE_IDENTIFIER = com.harry.test.SmartTrackerTests;
				PRODUCT_NAME = "$(TARGET_NAME)";
				SWIFT_EMIT_LOC_STRINGS = NO;
				SWIFT_VERSION = 5.0;
				TARGETED_DEVICE_FAMILY = "1,2";
				TEST_HOST = "$(BUILT_PRODUCTS_DIR)/SmartTracker.app/SmartTracker";
			};
			name = Release;
		};
/* End XCBuildConfiguration section */

/* Begin XCConfigurationList section */
		124F488526CBB33E003770BC /* Build configuration list for PBXProject "SmartTracker" */ = {
			isa = XCConfigurationList;
			buildConfigurations = (
				124F48AF26CBB33F003770BC /* Debug */,
				124F48B026CBB33F003770BC /* Release */,
			);
			defaultConfigurationIsVisible = 0;
			defaultConfigurationName = Release;
		};
		124F48B126CBB33F003770BC /* Build configuration list for PBXNativeTarget "SmartTracker" */ = {
			isa = XCConfigurationList;
			buildConfigurations = (
				124F48B226CBB33F003770BC /* Debug */,
				124F48B326CBB33F003770BC /* Release */,
			);
			defaultConfigurationIsVisible = 0;
			defaultConfigurationName = Release;
		};
		124F48B426CBB33F003770BC /* Build configuration list for PBXNativeTarget "SmartTrackerTests" */ = {
			isa = XCConfigurationList;
			buildConfigurations = (
				124F48B526CBB33F003770BC /* Debug */,
				124F48B626CBB33F003770BC /* Release */,
			);
			defaultConfigurationIsVisible = 0;
			defaultConfigurationName = Release;
		};
/* End XCConfigurationList section */

/* Begin XCVersionGroup section */
		124F489826CBB33F003770BC /* SmartTracker.xcdatamodeld */ = {
			isa = XCVersionGroup;
			children = (
				124F489926CBB33F003770BC /* SmartTracker.xcdatamodel */,
			);
			currentVersion = 124F489926CBB33F003770BC /* SmartTracker.xcdatamodel */;
			path = SmartTracker.xcdatamodeld;
			sourceTree = "<group>";
			versionGroupType = wrapper.xcdatamodel;
		};
/* End XCVersionGroup section */
	};
	rootObject = 124F488226CBB33E003770BC /* Project object */;
}
